{
  "version": "5",
  "specifiers": {
    "jsr:@cliffy/ansi@1.0.0-rc.7": "1.0.0-rc.7",
    "jsr:@cliffy/ansi@^1.0.0-rc.7": "1.0.0-rc.7",
    "jsr:@cliffy/command@1.0.0-rc.7": "1.0.0-rc.7",
    "jsr:@cliffy/flags@1.0.0-rc.7": "1.0.0-rc.7",
    "jsr:@cliffy/internal@1.0.0-rc.7": "1.0.0-rc.7",
    "jsr:@cliffy/keycode@1.0.0-rc.7": "1.0.0-rc.7",
    "jsr:@cliffy/prompt@1.0.0-rc.7": "1.0.0-rc.7",
    "jsr:@cliffy/table@1.0.0-rc.7": "1.0.0-rc.7",
    "jsr:@std/assert@*": "1.0.13",
    "jsr:@std/assert@^1.0.12": "1.0.13",
    "jsr:@std/assert@~1.0.6": "1.0.13",
    "jsr:@std/dotenv@*": "0.225.3",
    "jsr:@std/encoding@~1.0.5": "1.0.7",
    "jsr:@std/fmt@~1.0.2": "1.0.7",
    "jsr:@std/fs@*": "1.0.17",
    "jsr:@std/internal@^1.0.6": "1.0.6",
    "jsr:@std/path@^1.0.9": "1.0.9",
    "jsr:@std/path@~1.0.6": "1.0.9",
    "jsr:@std/testing@*": "1.0.11",
    "jsr:@std/text@~1.0.7": "1.0.10"
  },
  "jsr": {
    "@cliffy/ansi@1.0.0-rc.7": {
      "integrity": "f71c921cce224c13d322e5cedba4f38e8f7354c7d855c9cb22729362a53f25aa",
      "dependencies": [
        "jsr:@cliffy/internal",
        "jsr:@std/encoding",
        "jsr:@std/fmt"
      ]
    },
    "@cliffy/command@1.0.0-rc.7": {
      "integrity": "1288808d7a3cd18b86c24c2f920e47a6d954b7e23cadc35c8cbd78f8be41f0cd",
      "dependencies": [
        "jsr:@cliffy/flags",
        "jsr:@cliffy/internal",
        "jsr:@cliffy/table",
        "jsr:@std/fmt",
        "jsr:@std/text"
      ]
    },
    "@cliffy/flags@1.0.0-rc.7": {
      "integrity": "318d9be98f6a6417b108e03dec427dea96cdd41a15beb21d2554ae6da450a781",
      "dependencies": [
        "jsr:@std/text"
      ]
    },
    "@cliffy/internal@1.0.0-rc.7": {
      "integrity": "10412636ab3e67517d448be9eaab1b70c88eba9be22617b5d146257a11cc9b17"
    },
    "@cliffy/keycode@1.0.0-rc.7": {
      "integrity": "5b3f6c33994e81a76b79f108b1989642ac22705840da33781f7972d7dff05503"
    },
    "@cliffy/prompt@1.0.0-rc.7": {
      "integrity": "a9cbd13acd8073558447cae8ca4cf593c09d23bcbe429cc63346920c21187b83",
      "dependencies": [
        "jsr:@cliffy/ansi@1.0.0-rc.7",
        "jsr:@cliffy/internal",
        "jsr:@cliffy/keycode",
        "jsr:@std/assert@~1.0.6",
        "jsr:@std/fmt",
        "jsr:@std/path@~1.0.6",
        "jsr:@std/text"
      ]
    },
    "@cliffy/table@1.0.0-rc.7": {
      "integrity": "9fdd9776eda28a0b397981c400eeb1aa36da2371b43eefe12e6ff555290e3180",
      "dependencies": [
        "jsr:@std/fmt"
      ]
    },
    "@std/assert@1.0.13": {
      "integrity": "ae0d31e41919b12c656c742b22522c32fb26ed0cba32975cb0de2a273cb68b29",
      "dependencies": [
        "jsr:@std/internal"
      ]
    },
    "@std/dotenv@0.225.3": {
      "integrity": "a95e5b812c27b0854c52acbae215856d9cce9d4bbf774d938c51d212711e8d4a"
    },
    "@std/encoding@1.0.7": {
      "integrity": "f631247c1698fef289f2de9e2a33d571e46133b38d042905e3eac3715030a82d"
    },
    "@std/fmt@1.0.7": {
      "integrity": "2a727c043d8df62cd0b819b3fb709b64dd622e42c3b1bb817ea7e6cc606360fb"
    },
    "@std/fs@1.0.17": {
      "integrity": "1c00c632677c1158988ef7a004cb16137f870aafdb8163b9dce86ec652f3952b",
      "dependencies": [
        "jsr:@std/path@^1.0.9"
      ]
    },
    "@std/internal@1.0.6": {
      "integrity": "9533b128f230f73bd209408bb07a4b12f8d4255ab2a4d22a1fd6d87304aca9a4"
    },
    "@std/path@1.0.9": {
      "integrity": "260a49f11edd3db93dd38350bf9cd1b4d1366afa98e81b86167b4e3dd750129e"
    },
    "@std/testing@1.0.11": {
      "integrity": "12b3db12d34f0f385a26248933bde766c0f8c5ad8b6ab34d4d38f528ab852f48",
      "dependencies": [
        "jsr:@std/assert@^1.0.12",
        "jsr:@std/internal"
      ]
    },
    "@std/text@1.0.10": {
      "integrity": "9dcab377450253c0efa9a9a0c731040bfd4e1c03f8303b5934381467b7954338"
    }
  }
}
